
Microsoft Visual Studio Solution File, Format Version 12.00
# Visual Studio Version 17
VisualStudioVersion = 17.2.32630.192
MinimumVisualStudioVersion = 10.0.40219.1
Project("{FAE04EC0-301F-11D3-BF4B-00C04F79EFBC}") = "InvoiceingProduct", "InvoiceingProduct\InvoiceingProduct.csproj", "{99FC1A28-BE5B-4B02-90FC-417AF2E0037C}"
EndProject
Global
	GlobalSection(SolutionConfigurationPlatforms) = preSolution
		Debug|Any CPU = Debug|Any CPU
		Release|Any CPU = Release|Any CPU
	EndGlobalSection
	GlobalSection(ProjectConfigurationPlatforms) = postSolution
		{99FC1A28-BE5B-4B02-90FC-417AF2E0037C}.Debug|Any CPU.ActiveCfg = Debug|Any CPU
		{99FC1A28-BE5B-4B02-90FC-417AF2E0037C}.Debug|Any CPU.Build.0 = Debug|Any CPU
		{99FC1A28-BE5B-4B02-90FC-417AF2E0037C}.Release|Any CPU.ActiveCfg = Release|Any CPU
		{99FC1A28-BE5B-4B02-90FC-417AF2E0037C}.Release|Any CPU.Build.0 = Release|Any CPU
	EndGlobalSection
	GlobalSection(SolutionProperties) = preSolution
		HideSolutionNode = FALSE
	EndGlobalSection
	GlobalSection(ExtensibilityGlobals) = postSolution
		SolutionGuid = {43171F74-5DBE-4849-8E27-8BC1CAB78C9F}
	EndGlobalSection
EndGlobal
